
Microsoft Visual Studio Solution File, Format Version 12.00
# Visual Studio 2015
Project("{FAE04EC0-301F-11D3-BF4B-00C04F79EFBC}") = "LifeAnimationsSnakeTest.CSharp", "LifeAnimationsSnakeTest.CSharp.csproj", "{61DDEB0D-F5B0-708A-7F00-A393B2468C7E}"
EndProject
Project("{FAE04EC0-301F-11D3-BF4B-00C04F79EFBC}") = "LifeAnimationsSnakeTest.CSharp.Editor", "LifeAnimationsSnakeTest.CSharp.Editor.csproj", "{3568483D-B016-E239-DCA1-725B6986C941}"
EndProject
Global
	GlobalSection(SolutionConfigurationPlatforms) = preSolution
		Debug|Any CPU = Debug|Any CPU
		Release|Any CPU = Release|Any CPU
	EndGlobalSection
	GlobalSection(ProjectConfigurationPlatforms) = postSolution
		{61DDEB0D-F5B0-708A-7F00-A393B2468C7E}.Debug|Any CPU.ActiveCfg = Debug|Any CPU
		{61DDEB0D-F5B0-708A-7F00-A393B2468C7E}.Debug|Any CPU.Build.0 = Debug|Any CPU
		{61DDEB0D-F5B0-708A-7F00-A393B2468C7E}.Release|Any CPU.ActiveCfg = Release|Any CPU
		{61DDEB0D-F5B0-708A-7F00-A393B2468C7E}.Release|Any CPU.Build.0 = Release|Any CPU
		{3568483D-B016-E239-DCA1-725B6986C941}.Debug|Any CPU.ActiveCfg = Debug|Any CPU
		{3568483D-B016-E239-DCA1-725B6986C941}.Debug|Any CPU.Build.0 = Debug|Any CPU
		{3568483D-B016-E239-DCA1-725B6986C941}.Release|Any CPU.ActiveCfg = Release|Any CPU
		{3568483D-B016-E239-DCA1-725B6986C941}.Release|Any CPU.Build.0 = Release|Any CPU
	EndGlobalSection
	GlobalSection(SolutionProperties) = preSolution
		HideSolutionNode = FALSE
	EndGlobalSection
EndGlobal
